
Microsoft Visual Studio Solution File, Format Version 12.00
# Visual Studio Version 17
VisualStudioVersion = 17.10.35122.118
MinimumVisualStudioVersion = 10.0.40219.1
Project("{FAE04EC0-301F-11D3-BF4B-00C04F79EFBC}") = "ConsoleApp2", "ConsoleApp2\ConsoleApp2.csproj", "{CC135FE9-FD46-47BE-B3BE-B8D58324B8EE}"
EndProject
Global
	GlobalSection(SolutionConfigurationPlatforms) = preSolution
		Debug|Any CPU = Debug|Any CPU
		Release|Any CPU = Release|Any CPU
	EndGlobalSection
	GlobalSection(ProjectConfigurationPlatforms) = postSolution
		{CC135FE9-FD46-47BE-B3BE-B8D58324B8EE}.Debug|Any CPU.ActiveCfg = Debug|Any CPU
		{CC135FE9-FD46-47BE-B3BE-B8D58324B8EE}.Debug|Any CPU.Build.0 = Debug|Any CPU
		{CC135FE9-FD46-47BE-B3BE-B8D58324B8EE}.Release|Any CPU.ActiveCfg = Release|Any CPU
		{CC135FE9-FD46-47BE-B3BE-B8D58324B8EE}.Release|Any CPU.Build.0 = Release|Any CPU
	EndGlobalSection
	GlobalSection(SolutionProperties) = preSolution
		HideSolutionNode = FALSE
	EndGlobalSection
	GlobalSection(ExtensibilityGlobals) = postSolution
		SolutionGuid = {B2401C8C-EEED-40A8-BFBF-38F842E12DDF}
	EndGlobalSection
EndGlobal
